
Microsoft Visual Studio Solution File, Format Version 12.00
# Visual Studio Version 16
VisualStudioVersion = 16.0.31410.357
MinimumVisualStudioVersion = 10.0.40219.1
Project("{9A19103F-16F7-4668-BE54-9A1E7A4F7556}") = "ShareLoader", "ShareLoader.csproj", "{322503E7-8E77-482B-8337-8AEB004378DC}"
EndProject
Global
	GlobalSection(SolutionConfigurationPlatforms) = preSolution
		Debug|Any CPU = Debug|Any CPU
		Release|Any CPU = Release|Any CPU
	EndGlobalSection
	GlobalSection(ProjectConfigurationPlatforms) = postSolution
		{322503E7-8E77-482B-8337-8AEB004378DC}.Debug|Any CPU.ActiveCfg = Debug|Any CPU
		{322503E7-8E77-482B-8337-8AEB004378DC}.Debug|Any CPU.Build.0 = Debug|Any CPU
		{322503E7-8E77-482B-8337-8AEB004378DC}.Release|Any CPU.ActiveCfg = Release|Any CPU
		{322503E7-8E77-482B-8337-8AEB004378DC}.Release|Any CPU.Build.0 = Release|Any CPU
	EndGlobalSection
	GlobalSection(SolutionProperties) = preSolution
		HideSolutionNode = FALSE
	EndGlobalSection
	GlobalSection(ExtensibilityGlobals) = postSolution
		SolutionGuid = {A9E2F836-08C1-49F6-865E-A7C6644332FA}
	EndGlobalSection
EndGlobal
