
Microsoft Visual Studio Solution File, Format Version 12.00
# Visual Studio Version 16
VisualStudioVersion = 16.0.30128.74
MinimumVisualStudioVersion = 10.0.40219.1
Project("{9A19103F-16F7-4668-BE54-9A1E7A4F7556}") = "ShareLoader", "ShareLoader\ShareLoader.csproj", "{4F0FD655-91DF-4636-B463-565A1D31AD31}"
EndProject
Project("{9A19103F-16F7-4668-BE54-9A1E7A4F7556}") = "ShareLoaderHelper", "ShareLoaderHelper\ShareLoaderHelper.csproj", "{86A61B4D-67AE-4C72-9C02-9C6C025B1FAB}"
EndProject
Global
	GlobalSection(SolutionConfigurationPlatforms) = preSolution
		Debug|Any CPU = Debug|Any CPU
		Release|Any CPU = Release|Any CPU
	EndGlobalSection
	GlobalSection(ProjectConfigurationPlatforms) = postSolution
		{4F0FD655-91DF-4636-B463-565A1D31AD31}.Debug|Any CPU.ActiveCfg = Debug|Any CPU
		{4F0FD655-91DF-4636-B463-565A1D31AD31}.Debug|Any CPU.Build.0 = Debug|Any CPU
		{4F0FD655-91DF-4636-B463-565A1D31AD31}.Release|Any CPU.ActiveCfg = Release|Any CPU
		{4F0FD655-91DF-4636-B463-565A1D31AD31}.Release|Any CPU.Build.0 = Release|Any CPU
		{86A61B4D-67AE-4C72-9C02-9C6C025B1FAB}.Debug|Any CPU.ActiveCfg = Debug|Any CPU
		{86A61B4D-67AE-4C72-9C02-9C6C025B1FAB}.Debug|Any CPU.Build.0 = Debug|Any CPU
		{86A61B4D-67AE-4C72-9C02-9C6C025B1FAB}.Release|Any CPU.ActiveCfg = Release|Any CPU
		{86A61B4D-67AE-4C72-9C02-9C6C025B1FAB}.Release|Any CPU.Build.0 = Release|Any CPU
	EndGlobalSection
	GlobalSection(SolutionProperties) = preSolution
		HideSolutionNode = FALSE
	EndGlobalSection
	GlobalSection(ExtensibilityGlobals) = postSolution
		SolutionGuid = {25AF0E97-0AC1-4759-822C-6D766DBE0D5E}
	EndGlobalSection
EndGlobal
